
Microsoft Visual Studio Solution File, Format Version 12.00
# Visual Studio Version 17
VisualStudioVersion = 17.1.32228.430
MinimumVisualStudioVersion = 10.0.40219.1
Project("{FAE04EC0-301F-11D3-BF4B-00C04F79EFBC}") = "GithubTest", "GithubTest\GithubTest.csproj", "{E774A75B-60C7-400D-B232-5F2F41A7677F}"
EndProject
Global
	GlobalSection(SolutionConfigurationPlatforms) = preSolution
		Debug|Any CPU = Debug|Any CPU
		Release|Any CPU = Release|Any CPU
	EndGlobalSection
	GlobalSection(ProjectConfigurationPlatforms) = postSolution
		{E774A75B-60C7-400D-B232-5F2F41A7677F}.Debug|Any CPU.ActiveCfg = Debug|Any CPU
		{E774A75B-60C7-400D-B232-5F2F41A7677F}.Debug|Any CPU.Build.0 = Debug|Any CPU
		{E774A75B-60C7-400D-B232-5F2F41A7677F}.Release|Any CPU.ActiveCfg = Release|Any CPU
		{E774A75B-60C7-400D-B232-5F2F41A7677F}.Release|Any CPU.Build.0 = Release|Any CPU
	EndGlobalSection
	GlobalSection(SolutionProperties) = preSolution
		HideSolutionNode = FALSE
	EndGlobalSection
	GlobalSection(ExtensibilityGlobals) = postSolution
		SolutionGuid = {9A178D30-CA41-4A1A-A5FD-822EC5BAF7C8}
	EndGlobalSection
EndGlobal
